
Microsoft Visual Studio Solution File, Format Version 12.00
# Visual Studio Version 17
VisualStudioVersion = 17.8.34322.80
MinimumVisualStudioVersion = 10.0.40219.1
Project("{FAE04EC0-301F-11D3-BF4B-00C04F79EFBC}") = "CvProje", "CvProje\CvProje.csproj", "{0493E101-BFE7-4500-8B31-9C15236CAA7D}"
EndProject
Global
	GlobalSection(SolutionConfigurationPlatforms) = preSolution
		Debug|Any CPU = Debug|Any CPU
		Release|Any CPU = Release|Any CPU
	EndGlobalSection
	GlobalSection(ProjectConfigurationPlatforms) = postSolution
		{0493E101-BFE7-4500-8B31-9C15236CAA7D}.Debug|Any CPU.ActiveCfg = Debug|Any CPU
		{0493E101-BFE7-4500-8B31-9C15236CAA7D}.Debug|Any CPU.Build.0 = Debug|Any CPU
		{0493E101-BFE7-4500-8B31-9C15236CAA7D}.Release|Any CPU.ActiveCfg = Release|Any CPU
		{0493E101-BFE7-4500-8B31-9C15236CAA7D}.Release|Any CPU.Build.0 = Release|Any CPU
	EndGlobalSection
	GlobalSection(SolutionProperties) = preSolution
		HideSolutionNode = FALSE
	EndGlobalSection
	GlobalSection(ExtensibilityGlobals) = postSolution
		SolutionGuid = {1B7B990F-794D-4471-A7A2-E16F6368E256}
	EndGlobalSection
EndGlobal
